
Microsoft Visual Studio Solution File, Format Version 12.00
# Visual Studio 2013
VisualStudioVersion = 12.0.21005.1
MinimumVisualStudioVersion = 10.0.40219.1
Project("{FAE04EC0-301F-11D3-BF4B-00C04F79EFBC}") = "TimeForExam", "TimeForExam\TimeForExam.csproj", "{EA1ECBEB-107D-4FDB-97DC-211055120D83}"
EndProject
Project("{FAE04EC0-301F-11D3-BF4B-00C04F79EFBC}") = "Travel", "Travel\Travel.csproj", "{479DBF58-1F2D-4C5A-8F10-82C9D2AC43D0}"
EndProject
Project("{FAE04EC0-301F-11D3-BF4B-00C04F79EFBC}") = "OperationsBetweenNumbers", "OperationsBetweenNumbers\OperationsBetweenNumbers.csproj", "{0C81BDAF-8BD5-4845-9C66-BB93B9940441}"
EndProject
Global
	GlobalSection(SolutionConfigurationPlatforms) = preSolution
		Debug|Any CPU = Debug|Any CPU
		Release|Any CPU = Release|Any CPU
	EndGlobalSection
	GlobalSection(ProjectConfigurationPlatforms) = postSolution
		{EA1ECBEB-107D-4FDB-97DC-211055120D83}.Debug|Any CPU.ActiveCfg = Debug|Any CPU
		{EA1ECBEB-107D-4FDB-97DC-211055120D83}.Debug|Any CPU.Build.0 = Debug|Any CPU
		{EA1ECBEB-107D-4FDB-97DC-211055120D83}.Release|Any CPU.ActiveCfg = Release|Any CPU
		{EA1ECBEB-107D-4FDB-97DC-211055120D83}.Release|Any CPU.Build.0 = Release|Any CPU
		{479DBF58-1F2D-4C5A-8F10-82C9D2AC43D0}.Debug|Any CPU.ActiveCfg = Debug|Any CPU
		{479DBF58-1F2D-4C5A-8F10-82C9D2AC43D0}.Debug|Any CPU.Build.0 = Debug|Any CPU
		{479DBF58-1F2D-4C5A-8F10-82C9D2AC43D0}.Release|Any CPU.ActiveCfg = Release|Any CPU
		{479DBF58-1F2D-4C5A-8F10-82C9D2AC43D0}.Release|Any CPU.Build.0 = Release|Any CPU
		{0C81BDAF-8BD5-4845-9C66-BB93B9940441}.Debug|Any CPU.ActiveCfg = Debug|Any CPU
		{0C81BDAF-8BD5-4845-9C66-BB93B9940441}.Debug|Any CPU.Build.0 = Debug|Any CPU
		{0C81BDAF-8BD5-4845-9C66-BB93B9940441}.Release|Any CPU.ActiveCfg = Release|Any CPU
		{0C81BDAF-8BD5-4845-9C66-BB93B9940441}.Release|Any CPU.Build.0 = Release|Any CPU
	EndGlobalSection
	GlobalSection(SolutionProperties) = preSolution
		HideSolutionNode = FALSE
	EndGlobalSection
EndGlobal
